
Microsoft Visual Studio Solution File, Format Version 12.00
# Visual Studio Version 16
VisualStudioVersion = 16.0.29102.190
MinimumVisualStudioVersion = 10.0.40219.1
Project("{FAE04EC0-301F-11D3-BF4B-00C04F79EFBC}") = "Todo_events", "Todo_events\Todo_events.csproj", "{3D835338-5324-4DAA-A84C-92E6CC16DCC1}"
EndProject
Global
	GlobalSection(SolutionConfigurationPlatforms) = preSolution
		Debug|Any CPU = Debug|Any CPU
		Release|Any CPU = Release|Any CPU
	EndGlobalSection
	GlobalSection(ProjectConfigurationPlatforms) = postSolution
		{3D835338-5324-4DAA-A84C-92E6CC16DCC1}.Debug|Any CPU.ActiveCfg = Debug|Any CPU
		{3D835338-5324-4DAA-A84C-92E6CC16DCC1}.Debug|Any CPU.Build.0 = Debug|Any CPU
		{3D835338-5324-4DAA-A84C-92E6CC16DCC1}.Release|Any CPU.ActiveCfg = Release|Any CPU
		{3D835338-5324-4DAA-A84C-92E6CC16DCC1}.Release|Any CPU.Build.0 = Release|Any CPU
	EndGlobalSection
	GlobalSection(SolutionProperties) = preSolution
		HideSolutionNode = FALSE
	EndGlobalSection
	GlobalSection(ExtensibilityGlobals) = postSolution
		SolutionGuid = {B582AE90-873F-48CA-AF0A-921FFFE4B99A}
	EndGlobalSection
EndGlobal
