
Microsoft Visual Studio Solution File, Format Version 12.00
# Visual Studio Version 16
VisualStudioVersion = 16.0.29102.190
MinimumVisualStudioVersion = 10.0.40219.1
Project("{FAE04EC0-301F-11D3-BF4B-00C04F79EFBC}") = "Enumerable", "Enumerable\Enumerable.csproj", "{2A8ABC10-8EEF-459C-9D77-9DFFCEBF7045}"
EndProject
Global
	GlobalSection(SolutionConfigurationPlatforms) = preSolution
		Debug|Any CPU = Debug|Any CPU
		Release|Any CPU = Release|Any CPU
	EndGlobalSection
	GlobalSection(ProjectConfigurationPlatforms) = postSolution
		{2A8ABC10-8EEF-459C-9D77-9DFFCEBF7045}.Debug|Any CPU.ActiveCfg = Debug|Any CPU
		{2A8ABC10-8EEF-459C-9D77-9DFFCEBF7045}.Debug|Any CPU.Build.0 = Debug|Any CPU
		{2A8ABC10-8EEF-459C-9D77-9DFFCEBF7045}.Release|Any CPU.ActiveCfg = Release|Any CPU
		{2A8ABC10-8EEF-459C-9D77-9DFFCEBF7045}.Release|Any CPU.Build.0 = Release|Any CPU
	EndGlobalSection
	GlobalSection(SolutionProperties) = preSolution
		HideSolutionNode = FALSE
	EndGlobalSection
	GlobalSection(ExtensibilityGlobals) = postSolution
		SolutionGuid = {78D6764B-C8CE-42C6-AE39-6DF7245D63F4}
	EndGlobalSection
EndGlobal
