
Microsoft Visual Studio Solution File, Format Version 12.00
# Visual Studio 15
VisualStudioVersion = 15.0.28307.705
MinimumVisualStudioVersion = 10.0.40219.1
Project("{FAE04EC0-301F-11D3-BF4B-00C04F79EFBC}") = "Task1", "Task1\Task1.csproj", "{83638FBE-EB31-4647-8019-6CD1CCD2C9EB}"
EndProject
Project("{FAE04EC0-301F-11D3-BF4B-00C04F79EFBC}") = "Task2", "Task2\Task2.csproj", "{D970FF73-EAF8-4E93-A027-190746F10289}"
EndProject
Project("{FAE04EC0-301F-11D3-BF4B-00C04F79EFBC}") = "Task3", "Task3\Task3.csproj", "{AE58F6F9-099D-486B-9ADD-3FB07E784587}"
EndProject
Global
	GlobalSection(SolutionConfigurationPlatforms) = preSolution
		Debug|Any CPU = Debug|Any CPU
		Release|Any CPU = Release|Any CPU
	EndGlobalSection
	GlobalSection(ProjectConfigurationPlatforms) = postSolution
		{83638FBE-EB31-4647-8019-6CD1CCD2C9EB}.Debug|Any CPU.ActiveCfg = Debug|Any CPU
		{83638FBE-EB31-4647-8019-6CD1CCD2C9EB}.Debug|Any CPU.Build.0 = Debug|Any CPU
		{83638FBE-EB31-4647-8019-6CD1CCD2C9EB}.Release|Any CPU.ActiveCfg = Release|Any CPU
		{83638FBE-EB31-4647-8019-6CD1CCD2C9EB}.Release|Any CPU.Build.0 = Release|Any CPU
		{D970FF73-EAF8-4E93-A027-190746F10289}.Debug|Any CPU.ActiveCfg = Debug|Any CPU
		{D970FF73-EAF8-4E93-A027-190746F10289}.Debug|Any CPU.Build.0 = Debug|Any CPU
		{D970FF73-EAF8-4E93-A027-190746F10289}.Release|Any CPU.ActiveCfg = Release|Any CPU
		{D970FF73-EAF8-4E93-A027-190746F10289}.Release|Any CPU.Build.0 = Release|Any CPU
		{AE58F6F9-099D-486B-9ADD-3FB07E784587}.Debug|Any CPU.ActiveCfg = Debug|Any CPU
		{AE58F6F9-099D-486B-9ADD-3FB07E784587}.Debug|Any CPU.Build.0 = Debug|Any CPU
		{AE58F6F9-099D-486B-9ADD-3FB07E784587}.Release|Any CPU.ActiveCfg = Release|Any CPU
		{AE58F6F9-099D-486B-9ADD-3FB07E784587}.Release|Any CPU.Build.0 = Release|Any CPU
	EndGlobalSection
	GlobalSection(SolutionProperties) = preSolution
		HideSolutionNode = FALSE
	EndGlobalSection
	GlobalSection(ExtensibilityGlobals) = postSolution
		SolutionGuid = {252C8674-F183-43CD-A0FC-FC9958F73111}
	EndGlobalSection
EndGlobal
