
Microsoft Visual Studio Solution File, Format Version 12.00
# Visual Studio Version 16
VisualStudioVersion = 16.0.28803.352
MinimumVisualStudioVersion = 10.0.40219.1
Project("{FAE04EC0-301F-11D3-BF4B-00C04F79EFBC}") = "Task1", "Library\Task1.csproj", "{2A123547-7D5D-4311-A467-C3835DF2AF84}"
EndProject
Project("{FAE04EC0-301F-11D3-BF4B-00C04F79EFBC}") = "ClassLibrary", "ClassLibrary\ClassLibrary.csproj", "{3B8E2A4A-9059-43C0-B41C-6BC10436F510}"
EndProject
Project("{FAE04EC0-301F-11D3-BF4B-00C04F79EFBC}") = "Task_2", "Task_2\Task_2.csproj", "{87C481AA-A1FD-4EB9-939D-88956334A2EE}"
EndProject
Global
	GlobalSection(SolutionConfigurationPlatforms) = preSolution
		Debug|Any CPU = Debug|Any CPU
		Release|Any CPU = Release|Any CPU
	EndGlobalSection
	GlobalSection(ProjectConfigurationPlatforms) = postSolution
		{2A123547-7D5D-4311-A467-C3835DF2AF84}.Debug|Any CPU.ActiveCfg = Debug|Any CPU
		{2A123547-7D5D-4311-A467-C3835DF2AF84}.Debug|Any CPU.Build.0 = Debug|Any CPU
		{2A123547-7D5D-4311-A467-C3835DF2AF84}.Release|Any CPU.ActiveCfg = Release|Any CPU
		{2A123547-7D5D-4311-A467-C3835DF2AF84}.Release|Any CPU.Build.0 = Release|Any CPU
		{3B8E2A4A-9059-43C0-B41C-6BC10436F510}.Debug|Any CPU.ActiveCfg = Debug|Any CPU
		{3B8E2A4A-9059-43C0-B41C-6BC10436F510}.Debug|Any CPU.Build.0 = Debug|Any CPU
		{3B8E2A4A-9059-43C0-B41C-6BC10436F510}.Release|Any CPU.ActiveCfg = Release|Any CPU
		{3B8E2A4A-9059-43C0-B41C-6BC10436F510}.Release|Any CPU.Build.0 = Release|Any CPU
		{87C481AA-A1FD-4EB9-939D-88956334A2EE}.Debug|Any CPU.ActiveCfg = Debug|Any CPU
		{87C481AA-A1FD-4EB9-939D-88956334A2EE}.Debug|Any CPU.Build.0 = Debug|Any CPU
		{87C481AA-A1FD-4EB9-939D-88956334A2EE}.Release|Any CPU.ActiveCfg = Release|Any CPU
		{87C481AA-A1FD-4EB9-939D-88956334A2EE}.Release|Any CPU.Build.0 = Release|Any CPU
	EndGlobalSection
	GlobalSection(SolutionProperties) = preSolution
		HideSolutionNode = FALSE
	EndGlobalSection
	GlobalSection(ExtensibilityGlobals) = postSolution
		SolutionGuid = {E6F2C07C-4BF8-4AD0-BD1A-0CB4DEA83981}
	EndGlobalSection
EndGlobal
