
Microsoft Visual Studio Solution File, Format Version 12.00
# Visual Studio Version 16
VisualStudioVersion = 16.0.29102.190
MinimumVisualStudioVersion = 10.0.40219.1
Project("{FAE04EC0-301F-11D3-BF4B-00C04F79EFBC}") = "FirstProject", "FirstProject\FirstProject.csproj", "{AA31B645-2F4C-4323-894F-1DB12DBEE738}"
EndProject
Project("{FAE04EC0-301F-11D3-BF4B-00C04F79EFBC}") = "Ornithary", "Ornithary\Ornithary.csproj", "{C4C76863-30F9-43FC-949E-7B4014CB7278}"
EndProject
Global
	GlobalSection(SolutionConfigurationPlatforms) = preSolution
		Debug|Any CPU = Debug|Any CPU
		Release|Any CPU = Release|Any CPU
	EndGlobalSection
	GlobalSection(ProjectConfigurationPlatforms) = postSolution
		{AA31B645-2F4C-4323-894F-1DB12DBEE738}.Debug|Any CPU.ActiveCfg = Debug|Any CPU
		{AA31B645-2F4C-4323-894F-1DB12DBEE738}.Debug|Any CPU.Build.0 = Debug|Any CPU
		{AA31B645-2F4C-4323-894F-1DB12DBEE738}.Release|Any CPU.ActiveCfg = Release|Any CPU
		{AA31B645-2F4C-4323-894F-1DB12DBEE738}.Release|Any CPU.Build.0 = Release|Any CPU
		{C4C76863-30F9-43FC-949E-7B4014CB7278}.Debug|Any CPU.ActiveCfg = Debug|Any CPU
		{C4C76863-30F9-43FC-949E-7B4014CB7278}.Debug|Any CPU.Build.0 = Debug|Any CPU
		{C4C76863-30F9-43FC-949E-7B4014CB7278}.Release|Any CPU.ActiveCfg = Release|Any CPU
		{C4C76863-30F9-43FC-949E-7B4014CB7278}.Release|Any CPU.Build.0 = Release|Any CPU
	EndGlobalSection
	GlobalSection(SolutionProperties) = preSolution
		HideSolutionNode = FALSE
	EndGlobalSection
	GlobalSection(ExtensibilityGlobals) = postSolution
		SolutionGuid = {C5C51AA7-C90C-43D4-A98A-A08B30BA62CE}
	EndGlobalSection
EndGlobal
