
Microsoft Visual Studio Solution File, Format Version 12.00
# Visual Studio Version 16
VisualStudioVersion = 16.0.28803.352
MinimumVisualStudioVersion = 10.0.40219.1
Project("{FAE04EC0-301F-11D3-BF4B-00C04F79EFBC}") = "Task1", "Task1\Task1.csproj", "{13C19E42-60A2-4D62-BB74-B15AB863C69E}"
EndProject
Project("{FAE04EC0-301F-11D3-BF4B-00C04F79EFBC}") = "Task2", "Task3\Task2.csproj", "{62460A2B-EFCC-4420-A089-538C74E54CF9}"
EndProject
Global
	GlobalSection(SolutionConfigurationPlatforms) = preSolution
		Debug|Any CPU = Debug|Any CPU
		Release|Any CPU = Release|Any CPU
	EndGlobalSection
	GlobalSection(ProjectConfigurationPlatforms) = postSolution
		{13C19E42-60A2-4D62-BB74-B15AB863C69E}.Debug|Any CPU.ActiveCfg = Debug|Any CPU
		{13C19E42-60A2-4D62-BB74-B15AB863C69E}.Debug|Any CPU.Build.0 = Debug|Any CPU
		{13C19E42-60A2-4D62-BB74-B15AB863C69E}.Release|Any CPU.ActiveCfg = Release|Any CPU
		{13C19E42-60A2-4D62-BB74-B15AB863C69E}.Release|Any CPU.Build.0 = Release|Any CPU
		{62460A2B-EFCC-4420-A089-538C74E54CF9}.Debug|Any CPU.ActiveCfg = Debug|Any CPU
		{62460A2B-EFCC-4420-A089-538C74E54CF9}.Debug|Any CPU.Build.0 = Debug|Any CPU
		{62460A2B-EFCC-4420-A089-538C74E54CF9}.Release|Any CPU.ActiveCfg = Release|Any CPU
		{62460A2B-EFCC-4420-A089-538C74E54CF9}.Release|Any CPU.Build.0 = Release|Any CPU
	EndGlobalSection
	GlobalSection(SolutionProperties) = preSolution
		HideSolutionNode = FALSE
	EndGlobalSection
	GlobalSection(ExtensibilityGlobals) = postSolution
		SolutionGuid = {8DDB31C1-43AE-4BA8-934A-B2F4116D5921}
	EndGlobalSection
EndGlobal
