
Microsoft Visual Studio Solution File, Format Version 12.00
# Visual Studio 15
VisualStudioVersion = 15.0.28307.705
MinimumVisualStudioVersion = 10.0.40219.1
Project("{FAE04EC0-301F-11D3-BF4B-00C04F79EFBC}") = "Task2", "Task4\Task2.csproj", "{9A9093EC-A41D-48E7-9307-2BB89081D662}"
EndProject
Project("{FAE04EC0-301F-11D3-BF4B-00C04F79EFBC}") = "Task3", "EasyTask\Task3.csproj", "{D6BFA513-6F38-4360-B3B9-CD5901638CF1}"
EndProject
Project("{FAE04EC0-301F-11D3-BF4B-00C04F79EFBC}") = "Task1", "Task0\Task1.csproj", "{ADB98209-280F-4E0C-89B4-746DC04931F2}"
EndProject
Global
	GlobalSection(SolutionConfigurationPlatforms) = preSolution
		Debug|Any CPU = Debug|Any CPU
		Release|Any CPU = Release|Any CPU
	EndGlobalSection
	GlobalSection(ProjectConfigurationPlatforms) = postSolution
		{9A9093EC-A41D-48E7-9307-2BB89081D662}.Debug|Any CPU.ActiveCfg = Debug|Any CPU
		{9A9093EC-A41D-48E7-9307-2BB89081D662}.Debug|Any CPU.Build.0 = Debug|Any CPU
		{9A9093EC-A41D-48E7-9307-2BB89081D662}.Release|Any CPU.ActiveCfg = Release|Any CPU
		{9A9093EC-A41D-48E7-9307-2BB89081D662}.Release|Any CPU.Build.0 = Release|Any CPU
		{D6BFA513-6F38-4360-B3B9-CD5901638CF1}.Debug|Any CPU.ActiveCfg = Debug|Any CPU
		{D6BFA513-6F38-4360-B3B9-CD5901638CF1}.Debug|Any CPU.Build.0 = Debug|Any CPU
		{D6BFA513-6F38-4360-B3B9-CD5901638CF1}.Release|Any CPU.ActiveCfg = Release|Any CPU
		{D6BFA513-6F38-4360-B3B9-CD5901638CF1}.Release|Any CPU.Build.0 = Release|Any CPU
		{ADB98209-280F-4E0C-89B4-746DC04931F2}.Debug|Any CPU.ActiveCfg = Debug|Any CPU
		{ADB98209-280F-4E0C-89B4-746DC04931F2}.Debug|Any CPU.Build.0 = Debug|Any CPU
		{ADB98209-280F-4E0C-89B4-746DC04931F2}.Release|Any CPU.ActiveCfg = Release|Any CPU
		{ADB98209-280F-4E0C-89B4-746DC04931F2}.Release|Any CPU.Build.0 = Release|Any CPU
	EndGlobalSection
	GlobalSection(SolutionProperties) = preSolution
		HideSolutionNode = FALSE
	EndGlobalSection
	GlobalSection(ExtensibilityGlobals) = postSolution
		SolutionGuid = {0B3BD9CD-FB62-4248-B551-AD9D86EAE700}
	EndGlobalSection
EndGlobal
