
Microsoft Visual Studio Solution File, Format Version 12.00
# Visual Studio Version 16
VisualStudioVersion = 16.0.29020.237
MinimumVisualStudioVersion = 10.0.40219.1
Project("{FAE04EC0-301F-11D3-BF4B-00C04F79EFBC}") = "Example_Task_01", "Example_Task_01\Example_Task_01.csproj", "{DCEB58A9-420B-4466-B991-C597EEB96385}"
EndProject
Project("{FAE04EC0-301F-11D3-BF4B-00C04F79EFBC}") = "Fractions", "Fractions\Fractions.csproj", "{7D1182AF-79D1-463C-969C-72069D118F45}"
EndProject
Global
	GlobalSection(SolutionConfigurationPlatforms) = preSolution
		Debug|Any CPU = Debug|Any CPU
		Release|Any CPU = Release|Any CPU
	EndGlobalSection
	GlobalSection(ProjectConfigurationPlatforms) = postSolution
		{DCEB58A9-420B-4466-B991-C597EEB96385}.Debug|Any CPU.ActiveCfg = Debug|Any CPU
		{DCEB58A9-420B-4466-B991-C597EEB96385}.Debug|Any CPU.Build.0 = Debug|Any CPU
		{DCEB58A9-420B-4466-B991-C597EEB96385}.Release|Any CPU.ActiveCfg = Release|Any CPU
		{DCEB58A9-420B-4466-B991-C597EEB96385}.Release|Any CPU.Build.0 = Release|Any CPU
		{7D1182AF-79D1-463C-969C-72069D118F45}.Debug|Any CPU.ActiveCfg = Debug|Any CPU
		{7D1182AF-79D1-463C-969C-72069D118F45}.Debug|Any CPU.Build.0 = Debug|Any CPU
		{7D1182AF-79D1-463C-969C-72069D118F45}.Release|Any CPU.ActiveCfg = Release|Any CPU
		{7D1182AF-79D1-463C-969C-72069D118F45}.Release|Any CPU.Build.0 = Release|Any CPU
	EndGlobalSection
	GlobalSection(SolutionProperties) = preSolution
		HideSolutionNode = FALSE
	EndGlobalSection
	GlobalSection(ExtensibilityGlobals) = postSolution
		SolutionGuid = {F3321D60-2535-4194-855B-3B86883FF37C}
	EndGlobalSection
EndGlobal
