
Microsoft Visual Studio Solution File, Format Version 12.00
# Visual Studio Version 16
VisualStudioVersion = 16.0.29009.5
MinimumVisualStudioVersion = 10.0.40219.1
Project("{FAE04EC0-301F-11D3-BF4B-00C04F79EFBC}") = "TODO1", "Async_Await_TODO\TODO1.csproj", "{F80F940C-22B1-4934-AED3-EA6AF271EEFA}"
EndProject
Project("{FAE04EC0-301F-11D3-BF4B-00C04F79EFBC}") = "TODO2", "TODO2\TODO2.csproj", "{1DBB298A-0E00-44F9-9D1F-598645953F5A}"
EndProject
Global
	GlobalSection(SolutionConfigurationPlatforms) = preSolution
		Debug|Any CPU = Debug|Any CPU
		Release|Any CPU = Release|Any CPU
	EndGlobalSection
	GlobalSection(ProjectConfigurationPlatforms) = postSolution
		{F80F940C-22B1-4934-AED3-EA6AF271EEFA}.Debug|Any CPU.ActiveCfg = Debug|Any CPU
		{F80F940C-22B1-4934-AED3-EA6AF271EEFA}.Debug|Any CPU.Build.0 = Debug|Any CPU
		{F80F940C-22B1-4934-AED3-EA6AF271EEFA}.Release|Any CPU.ActiveCfg = Release|Any CPU
		{F80F940C-22B1-4934-AED3-EA6AF271EEFA}.Release|Any CPU.Build.0 = Release|Any CPU
		{1DBB298A-0E00-44F9-9D1F-598645953F5A}.Debug|Any CPU.ActiveCfg = Debug|Any CPU
		{1DBB298A-0E00-44F9-9D1F-598645953F5A}.Debug|Any CPU.Build.0 = Debug|Any CPU
		{1DBB298A-0E00-44F9-9D1F-598645953F5A}.Release|Any CPU.ActiveCfg = Release|Any CPU
		{1DBB298A-0E00-44F9-9D1F-598645953F5A}.Release|Any CPU.Build.0 = Release|Any CPU
	EndGlobalSection
	GlobalSection(SolutionProperties) = preSolution
		HideSolutionNode = FALSE
	EndGlobalSection
	GlobalSection(ExtensibilityGlobals) = postSolution
		SolutionGuid = {8FBF021C-C260-4744-B7DC-7A5D1E311635}
	EndGlobalSection
EndGlobal
