
Microsoft Visual Studio Solution File, Format Version 12.00
# Visual Studio 15
VisualStudioVersion = 15.0.28307.645
MinimumVisualStudioVersion = 10.0.40219.1
Project("{FAE04EC0-301F-11D3-BF4B-00C04F79EFBC}") = "Task_1", "Task_1\Task_1.csproj", "{FFC16F82-2590-4EE0-BB41-83DCDA34D48E}"
EndProject
Project("{FAE04EC0-301F-11D3-BF4B-00C04F79EFBC}") = "Task_2", "Task_2\Task_2.csproj", "{D6620C5C-F39D-4F83-A4EC-E22350481A6A}"
EndProject
Global
	GlobalSection(SolutionConfigurationPlatforms) = preSolution
		Debug|Any CPU = Debug|Any CPU
		Release|Any CPU = Release|Any CPU
	EndGlobalSection
	GlobalSection(ProjectConfigurationPlatforms) = postSolution
		{FFC16F82-2590-4EE0-BB41-83DCDA34D48E}.Debug|Any CPU.ActiveCfg = Debug|Any CPU
		{FFC16F82-2590-4EE0-BB41-83DCDA34D48E}.Debug|Any CPU.Build.0 = Debug|Any CPU
		{FFC16F82-2590-4EE0-BB41-83DCDA34D48E}.Release|Any CPU.ActiveCfg = Release|Any CPU
		{FFC16F82-2590-4EE0-BB41-83DCDA34D48E}.Release|Any CPU.Build.0 = Release|Any CPU
		{D6620C5C-F39D-4F83-A4EC-E22350481A6A}.Debug|Any CPU.ActiveCfg = Debug|Any CPU
		{D6620C5C-F39D-4F83-A4EC-E22350481A6A}.Debug|Any CPU.Build.0 = Debug|Any CPU
		{D6620C5C-F39D-4F83-A4EC-E22350481A6A}.Release|Any CPU.ActiveCfg = Release|Any CPU
		{D6620C5C-F39D-4F83-A4EC-E22350481A6A}.Release|Any CPU.Build.0 = Release|Any CPU
	EndGlobalSection
	GlobalSection(SolutionProperties) = preSolution
		HideSolutionNode = FALSE
	EndGlobalSection
	GlobalSection(ExtensibilityGlobals) = postSolution
		SolutionGuid = {6CB67320-7C7B-46DE-8268-789EB825FE3D}
	EndGlobalSection
EndGlobal
