
Microsoft Visual Studio Solution File, Format Version 12.00
# Visual Studio 15
VisualStudioVersion = 15.0.28307.645
MinimumVisualStudioVersion = 10.0.40219.1
Project("{FAE04EC0-301F-11D3-BF4B-00C04F79EFBC}") = "Task_1", "Task_1\Task_1.csproj", "{9514D3A5-8F74-4E76-9538-395290269F44}"
EndProject
Global
	GlobalSection(SolutionConfigurationPlatforms) = preSolution
		Debug|Any CPU = Debug|Any CPU
		Release|Any CPU = Release|Any CPU
	EndGlobalSection
	GlobalSection(ProjectConfigurationPlatforms) = postSolution
		{9514D3A5-8F74-4E76-9538-395290269F44}.Debug|Any CPU.ActiveCfg = Debug|Any CPU
		{9514D3A5-8F74-4E76-9538-395290269F44}.Debug|Any CPU.Build.0 = Debug|Any CPU
		{9514D3A5-8F74-4E76-9538-395290269F44}.Release|Any CPU.ActiveCfg = Release|Any CPU
		{9514D3A5-8F74-4E76-9538-395290269F44}.Release|Any CPU.Build.0 = Release|Any CPU
	EndGlobalSection
	GlobalSection(SolutionProperties) = preSolution
		HideSolutionNode = FALSE
	EndGlobalSection
	GlobalSection(ExtensibilityGlobals) = postSolution
		SolutionGuid = {F3A55863-3DAB-43C9-9256-23307F4E6F3B}
	EndGlobalSection
EndGlobal
