
Microsoft Visual Studio Solution File, Format Version 12.00
# Visual Studio 15
VisualStudioVersion = 15.0.28307.489
MinimumVisualStudioVersion = 10.0.40219.1
Project("{FAE04EC0-301F-11D3-BF4B-00C04F79EFBC}") = "Struct2", "Struct2\Struct2.csproj", "{BCC480E1-C33F-4290-A473-DBB4022FA460}"
EndProject
Project("{FAE04EC0-301F-11D3-BF4B-00C04F79EFBC}") = "struct", "struct\struct.csproj", "{6A29DFF1-A2B9-4ECC-8204-416812CB68A1}"
EndProject
Global
	GlobalSection(SolutionConfigurationPlatforms) = preSolution
		Debug|Any CPU = Debug|Any CPU
		Release|Any CPU = Release|Any CPU
	EndGlobalSection
	GlobalSection(ProjectConfigurationPlatforms) = postSolution
		{BCC480E1-C33F-4290-A473-DBB4022FA460}.Debug|Any CPU.ActiveCfg = Debug|Any CPU
		{BCC480E1-C33F-4290-A473-DBB4022FA460}.Debug|Any CPU.Build.0 = Debug|Any CPU
		{BCC480E1-C33F-4290-A473-DBB4022FA460}.Release|Any CPU.ActiveCfg = Release|Any CPU
		{BCC480E1-C33F-4290-A473-DBB4022FA460}.Release|Any CPU.Build.0 = Release|Any CPU
		{6A29DFF1-A2B9-4ECC-8204-416812CB68A1}.Debug|Any CPU.ActiveCfg = Debug|Any CPU
		{6A29DFF1-A2B9-4ECC-8204-416812CB68A1}.Debug|Any CPU.Build.0 = Debug|Any CPU
		{6A29DFF1-A2B9-4ECC-8204-416812CB68A1}.Release|Any CPU.ActiveCfg = Release|Any CPU
		{6A29DFF1-A2B9-4ECC-8204-416812CB68A1}.Release|Any CPU.Build.0 = Release|Any CPU
	EndGlobalSection
	GlobalSection(SolutionProperties) = preSolution
		HideSolutionNode = FALSE
	EndGlobalSection
	GlobalSection(ExtensibilityGlobals) = postSolution
		SolutionGuid = {3F2A5F8B-10DD-40DF-BF9A-60734563BDAB}
	EndGlobalSection
EndGlobal
