
Microsoft Visual Studio Solution File, Format Version 12.00
# Visual Studio Version 16
VisualStudioVersion = 16.0.29009.5
MinimumVisualStudioVersion = 10.0.40219.1
Project("{FAE04EC0-301F-11D3-BF4B-00C04F79EFBC}") = "Example1", "AcynsAwait_ExampleTask\Example1.csproj", "{5BD8C4B9-135E-4C10-B943-A4674975D88B}"
EndProject
Project("{FAE04EC0-301F-11D3-BF4B-00C04F79EFBC}") = "Example2", "Example2\Example2.csproj", "{F598BA20-B0DF-419A-8476-AA165D892755}"
EndProject
Global
	GlobalSection(SolutionConfigurationPlatforms) = preSolution
		Debug|Any CPU = Debug|Any CPU
		Release|Any CPU = Release|Any CPU
	EndGlobalSection
	GlobalSection(ProjectConfigurationPlatforms) = postSolution
		{5BD8C4B9-135E-4C10-B943-A4674975D88B}.Debug|Any CPU.ActiveCfg = Debug|Any CPU
		{5BD8C4B9-135E-4C10-B943-A4674975D88B}.Debug|Any CPU.Build.0 = Debug|Any CPU
		{5BD8C4B9-135E-4C10-B943-A4674975D88B}.Release|Any CPU.ActiveCfg = Release|Any CPU
		{5BD8C4B9-135E-4C10-B943-A4674975D88B}.Release|Any CPU.Build.0 = Release|Any CPU
		{F598BA20-B0DF-419A-8476-AA165D892755}.Debug|Any CPU.ActiveCfg = Debug|Any CPU
		{F598BA20-B0DF-419A-8476-AA165D892755}.Debug|Any CPU.Build.0 = Debug|Any CPU
		{F598BA20-B0DF-419A-8476-AA165D892755}.Release|Any CPU.ActiveCfg = Release|Any CPU
		{F598BA20-B0DF-419A-8476-AA165D892755}.Release|Any CPU.Build.0 = Release|Any CPU
	EndGlobalSection
	GlobalSection(SolutionProperties) = preSolution
		HideSolutionNode = FALSE
	EndGlobalSection
	GlobalSection(ExtensibilityGlobals) = postSolution
		SolutionGuid = {BFB0EBB9-8E9D-45E6-8FA4-7879C603510B}
	EndGlobalSection
EndGlobal
