
Microsoft Visual Studio Solution File, Format Version 12.00
# Visual Studio Version 16
VisualStudioVersion = 16.0.29025.244
MinimumVisualStudioVersion = 10.0.40219.1
Project("{FAE04EC0-301F-11D3-BF4B-00C04F79EFBC}") = "Task1", "Task1\Task1.csproj", "{8743EABE-BD3F-4568-9FF3-ECC60DE6685C}"
EndProject
Project("{FAE04EC0-301F-11D3-BF4B-00C04F79EFBC}") = "HumanLibrary", "HumanLibrary\HumanLibrary.csproj", "{66570C68-3668-403D-8E8A-400D00BC1F85}"
EndProject
Project("{FAE04EC0-301F-11D3-BF4B-00C04F79EFBC}") = "Task2", "Task2\Task2.csproj", "{D84715C1-695F-43BF-B651-220000D6F151}"
EndProject
Global
	GlobalSection(SolutionConfigurationPlatforms) = preSolution
		Debug|Any CPU = Debug|Any CPU
		Release|Any CPU = Release|Any CPU
	EndGlobalSection
	GlobalSection(ProjectConfigurationPlatforms) = postSolution
		{8743EABE-BD3F-4568-9FF3-ECC60DE6685C}.Debug|Any CPU.ActiveCfg = Debug|Any CPU
		{8743EABE-BD3F-4568-9FF3-ECC60DE6685C}.Debug|Any CPU.Build.0 = Debug|Any CPU
		{8743EABE-BD3F-4568-9FF3-ECC60DE6685C}.Release|Any CPU.ActiveCfg = Release|Any CPU
		{8743EABE-BD3F-4568-9FF3-ECC60DE6685C}.Release|Any CPU.Build.0 = Release|Any CPU
		{66570C68-3668-403D-8E8A-400D00BC1F85}.Debug|Any CPU.ActiveCfg = Debug|Any CPU
		{66570C68-3668-403D-8E8A-400D00BC1F85}.Debug|Any CPU.Build.0 = Debug|Any CPU
		{66570C68-3668-403D-8E8A-400D00BC1F85}.Release|Any CPU.ActiveCfg = Release|Any CPU
		{66570C68-3668-403D-8E8A-400D00BC1F85}.Release|Any CPU.Build.0 = Release|Any CPU
		{D84715C1-695F-43BF-B651-220000D6F151}.Debug|Any CPU.ActiveCfg = Debug|Any CPU
		{D84715C1-695F-43BF-B651-220000D6F151}.Debug|Any CPU.Build.0 = Debug|Any CPU
		{D84715C1-695F-43BF-B651-220000D6F151}.Release|Any CPU.ActiveCfg = Release|Any CPU
		{D84715C1-695F-43BF-B651-220000D6F151}.Release|Any CPU.Build.0 = Release|Any CPU
	EndGlobalSection
	GlobalSection(SolutionProperties) = preSolution
		HideSolutionNode = FALSE
	EndGlobalSection
	GlobalSection(ExtensibilityGlobals) = postSolution
		SolutionGuid = {C5FDF105-8FF0-4370-8D56-A0870A24F6B0}
	EndGlobalSection
EndGlobal
