
Microsoft Visual Studio Solution File, Format Version 12.00
# Visual Studio Version 16
VisualStudioVersion = 16.0.29102.190
MinimumVisualStudioVersion = 10.0.40219.1
Project("{FAE04EC0-301F-11D3-BF4B-00C04F79EFBC}") = "LibraryOfZoo", "LibraryOfZoo\LibraryOfZoo.csproj", "{562EAA07-8A53-4DB8-BAD9-549C70FE1632}"
EndProject
Project("{FAE04EC0-301F-11D3-BF4B-00C04F79EFBC}") = "FirstProjects", "FirstProjects\FirstProjects.csproj", "{393B0734-35F4-4246-960C-D5AF16372A42}"
EndProject
Project("{FAE04EC0-301F-11D3-BF4B-00C04F79EFBC}") = "SecondProject", "SecondProject\SecondProject.csproj", "{B03BA0BE-5D1D-49B8-84E1-5343966DD0BE}"
EndProject
Global
	GlobalSection(SolutionConfigurationPlatforms) = preSolution
		Debug|Any CPU = Debug|Any CPU
		Release|Any CPU = Release|Any CPU
	EndGlobalSection
	GlobalSection(ProjectConfigurationPlatforms) = postSolution
		{562EAA07-8A53-4DB8-BAD9-549C70FE1632}.Debug|Any CPU.ActiveCfg = Debug|Any CPU
		{562EAA07-8A53-4DB8-BAD9-549C70FE1632}.Debug|Any CPU.Build.0 = Debug|Any CPU
		{562EAA07-8A53-4DB8-BAD9-549C70FE1632}.Release|Any CPU.ActiveCfg = Release|Any CPU
		{562EAA07-8A53-4DB8-BAD9-549C70FE1632}.Release|Any CPU.Build.0 = Release|Any CPU
		{393B0734-35F4-4246-960C-D5AF16372A42}.Debug|Any CPU.ActiveCfg = Debug|Any CPU
		{393B0734-35F4-4246-960C-D5AF16372A42}.Debug|Any CPU.Build.0 = Debug|Any CPU
		{393B0734-35F4-4246-960C-D5AF16372A42}.Release|Any CPU.ActiveCfg = Release|Any CPU
		{393B0734-35F4-4246-960C-D5AF16372A42}.Release|Any CPU.Build.0 = Release|Any CPU
		{B03BA0BE-5D1D-49B8-84E1-5343966DD0BE}.Debug|Any CPU.ActiveCfg = Debug|Any CPU
		{B03BA0BE-5D1D-49B8-84E1-5343966DD0BE}.Debug|Any CPU.Build.0 = Debug|Any CPU
		{B03BA0BE-5D1D-49B8-84E1-5343966DD0BE}.Release|Any CPU.ActiveCfg = Release|Any CPU
		{B03BA0BE-5D1D-49B8-84E1-5343966DD0BE}.Release|Any CPU.Build.0 = Release|Any CPU
	EndGlobalSection
	GlobalSection(SolutionProperties) = preSolution
		HideSolutionNode = FALSE
	EndGlobalSection
	GlobalSection(ExtensibilityGlobals) = postSolution
		SolutionGuid = {509E4C3A-24B7-4B49-A1E8-D5190ED31C96}
	EndGlobalSection
EndGlobal
