
Microsoft Visual Studio Solution File, Format Version 12.00
# Visual Studio 15
VisualStudioVersion = 15.0.28307.645
MinimumVisualStudioVersion = 10.0.40219.1
Project("{FAE04EC0-301F-11D3-BF4B-00C04F79EFBC}") = "Task_2", "Task_2\Task_2.csproj", "{93AB7A9D-80A5-4B04-84C2-9D01DBBFA48F}"
EndProject
Project("{FAE04EC0-301F-11D3-BF4B-00C04F79EFBC}") = "Task_1", "Task_1\Task_1.csproj", "{BDDBED91-05FB-4336-942F-ED5EBC098CEE}"
EndProject
Global
	GlobalSection(SolutionConfigurationPlatforms) = preSolution
		Debug|Any CPU = Debug|Any CPU
		Release|Any CPU = Release|Any CPU
	EndGlobalSection
	GlobalSection(ProjectConfigurationPlatforms) = postSolution
		{93AB7A9D-80A5-4B04-84C2-9D01DBBFA48F}.Debug|Any CPU.ActiveCfg = Debug|Any CPU
		{93AB7A9D-80A5-4B04-84C2-9D01DBBFA48F}.Debug|Any CPU.Build.0 = Debug|Any CPU
		{93AB7A9D-80A5-4B04-84C2-9D01DBBFA48F}.Release|Any CPU.ActiveCfg = Release|Any CPU
		{93AB7A9D-80A5-4B04-84C2-9D01DBBFA48F}.Release|Any CPU.Build.0 = Release|Any CPU
		{BDDBED91-05FB-4336-942F-ED5EBC098CEE}.Debug|Any CPU.ActiveCfg = Debug|Any CPU
		{BDDBED91-05FB-4336-942F-ED5EBC098CEE}.Debug|Any CPU.Build.0 = Debug|Any CPU
		{BDDBED91-05FB-4336-942F-ED5EBC098CEE}.Release|Any CPU.ActiveCfg = Release|Any CPU
		{BDDBED91-05FB-4336-942F-ED5EBC098CEE}.Release|Any CPU.Build.0 = Release|Any CPU
	EndGlobalSection
	GlobalSection(SolutionProperties) = preSolution
		HideSolutionNode = FALSE
	EndGlobalSection
	GlobalSection(ExtensibilityGlobals) = postSolution
		SolutionGuid = {DA57013A-E8C2-497D-9B2A-DC8903E67282}
	EndGlobalSection
EndGlobal
