
Microsoft Visual Studio Solution File, Format Version 12.00
# Visual Studio Version 16
VisualStudioVersion = 16.0.29209.62
MinimumVisualStudioVersion = 10.0.40219.1
Project("{FAE04EC0-301F-11D3-BF4B-00C04F79EFBC}") = "Task1", "Task1\Task1.csproj", "{58178885-A653-425C-AC08-2EF916DACFBC}"
EndProject
Project("{FAE04EC0-301F-11D3-BF4B-00C04F79EFBC}") = "Task2", "Task2\Task2.csproj", "{13E53FC6-9A52-43FD-8593-6630C5B34AF4}"
EndProject
Global
	GlobalSection(SolutionConfigurationPlatforms) = preSolution
		Debug|Any CPU = Debug|Any CPU
		Release|Any CPU = Release|Any CPU
	EndGlobalSection
	GlobalSection(ProjectConfigurationPlatforms) = postSolution
		{58178885-A653-425C-AC08-2EF916DACFBC}.Debug|Any CPU.ActiveCfg = Debug|Any CPU
		{58178885-A653-425C-AC08-2EF916DACFBC}.Debug|Any CPU.Build.0 = Debug|Any CPU
		{58178885-A653-425C-AC08-2EF916DACFBC}.Release|Any CPU.ActiveCfg = Release|Any CPU
		{58178885-A653-425C-AC08-2EF916DACFBC}.Release|Any CPU.Build.0 = Release|Any CPU
		{13E53FC6-9A52-43FD-8593-6630C5B34AF4}.Debug|Any CPU.ActiveCfg = Debug|Any CPU
		{13E53FC6-9A52-43FD-8593-6630C5B34AF4}.Debug|Any CPU.Build.0 = Debug|Any CPU
		{13E53FC6-9A52-43FD-8593-6630C5B34AF4}.Release|Any CPU.ActiveCfg = Release|Any CPU
		{13E53FC6-9A52-43FD-8593-6630C5B34AF4}.Release|Any CPU.Build.0 = Release|Any CPU
	EndGlobalSection
	GlobalSection(SolutionProperties) = preSolution
		HideSolutionNode = FALSE
	EndGlobalSection
	GlobalSection(ExtensibilityGlobals) = postSolution
		SolutionGuid = {99DC7269-729C-4056-B172-F9A11B03B760}
	EndGlobalSection
EndGlobal
