
Microsoft Visual Studio Solution File, Format Version 12.00
# Visual Studio Version 16
VisualStudioVersion = 16.0.29020.237
MinimumVisualStudioVersion = 10.0.40219.1
Project("{FAE04EC0-301F-11D3-BF4B-00C04F79EFBC}") = "Interfaces_Example_Task_01", "Interfaces_Example_Task_01\Interfaces_Example_Task_01.csproj", "{4F87EF61-EB47-4642-AE78-B00C8B2E2899}"
EndProject
Project("{FAE04EC0-301F-11D3-BF4B-00C04F79EFBC}") = "InterfacesClassLib", "InterfacesClassLib\InterfacesClassLib.csproj", "{3ADFF8F8-7892-41D6-83B7-76206239D905}"
EndProject
Project("{FAE04EC0-301F-11D3-BF4B-00C04F79EFBC}") = "Interfaces_Example_Task_02", "Interfaces_Example_Task_02\Interfaces_Example_Task_02.csproj", "{D856612A-D49B-4474-85A3-A03D1E12AFE3}"
EndProject
Project("{FAE04EC0-301F-11D3-BF4B-00C04F79EFBC}") = "Struct_Example_01", "Struct_Example_01\Struct_Example_01.csproj", "{C838214A-8212-491E-97CF-6844E2936C1D}"
EndProject
Project("{FAE04EC0-301F-11D3-BF4B-00C04F79EFBC}") = "Struct_ClassLibrary", "Struct_ClassLibrary\Struct_ClassLibrary.csproj", "{3A9804EF-3ECB-4475-91D1-0159DE79BECE}"
EndProject
Global
	GlobalSection(SolutionConfigurationPlatforms) = preSolution
		Debug|Any CPU = Debug|Any CPU
		Release|Any CPU = Release|Any CPU
	EndGlobalSection
	GlobalSection(ProjectConfigurationPlatforms) = postSolution
		{4F87EF61-EB47-4642-AE78-B00C8B2E2899}.Debug|Any CPU.ActiveCfg = Debug|Any CPU
		{4F87EF61-EB47-4642-AE78-B00C8B2E2899}.Debug|Any CPU.Build.0 = Debug|Any CPU
		{4F87EF61-EB47-4642-AE78-B00C8B2E2899}.Release|Any CPU.ActiveCfg = Release|Any CPU
		{4F87EF61-EB47-4642-AE78-B00C8B2E2899}.Release|Any CPU.Build.0 = Release|Any CPU
		{3ADFF8F8-7892-41D6-83B7-76206239D905}.Debug|Any CPU.ActiveCfg = Debug|Any CPU
		{3ADFF8F8-7892-41D6-83B7-76206239D905}.Debug|Any CPU.Build.0 = Debug|Any CPU
		{3ADFF8F8-7892-41D6-83B7-76206239D905}.Release|Any CPU.ActiveCfg = Release|Any CPU
		{3ADFF8F8-7892-41D6-83B7-76206239D905}.Release|Any CPU.Build.0 = Release|Any CPU
		{D856612A-D49B-4474-85A3-A03D1E12AFE3}.Debug|Any CPU.ActiveCfg = Debug|Any CPU
		{D856612A-D49B-4474-85A3-A03D1E12AFE3}.Debug|Any CPU.Build.0 = Debug|Any CPU
		{D856612A-D49B-4474-85A3-A03D1E12AFE3}.Release|Any CPU.ActiveCfg = Release|Any CPU
		{D856612A-D49B-4474-85A3-A03D1E12AFE3}.Release|Any CPU.Build.0 = Release|Any CPU
		{C838214A-8212-491E-97CF-6844E2936C1D}.Debug|Any CPU.ActiveCfg = Debug|Any CPU
		{C838214A-8212-491E-97CF-6844E2936C1D}.Debug|Any CPU.Build.0 = Debug|Any CPU
		{C838214A-8212-491E-97CF-6844E2936C1D}.Release|Any CPU.ActiveCfg = Release|Any CPU
		{C838214A-8212-491E-97CF-6844E2936C1D}.Release|Any CPU.Build.0 = Release|Any CPU
		{3A9804EF-3ECB-4475-91D1-0159DE79BECE}.Debug|Any CPU.ActiveCfg = Debug|Any CPU
		{3A9804EF-3ECB-4475-91D1-0159DE79BECE}.Debug|Any CPU.Build.0 = Debug|Any CPU
		{3A9804EF-3ECB-4475-91D1-0159DE79BECE}.Release|Any CPU.ActiveCfg = Release|Any CPU
		{3A9804EF-3ECB-4475-91D1-0159DE79BECE}.Release|Any CPU.Build.0 = Release|Any CPU
	EndGlobalSection
	GlobalSection(SolutionProperties) = preSolution
		HideSolutionNode = FALSE
	EndGlobalSection
	GlobalSection(ExtensibilityGlobals) = postSolution
		SolutionGuid = {C947BE94-67BB-4868-A0DF-5105F3374B05}
	EndGlobalSection
EndGlobal
