
Microsoft Visual Studio Solution File, Format Version 12.00
# Visual Studio 15
VisualStudioVersion = 15.0.28307.645
MinimumVisualStudioVersion = 10.0.40219.1
Project("{FAE04EC0-301F-11D3-BF4B-00C04F79EFBC}") = "Task_01", "Task_01\Task_01.csproj", "{13875771-DA2D-4A7A-BC4F-D544846DE288}"
EndProject
Project("{FAE04EC0-301F-11D3-BF4B-00C04F79EFBC}") = "Task_02", "Task_02\Task_02.csproj", "{63068AE3-B635-46A4-8CAA-B8AA6B4BE303}"
EndProject
Global
	GlobalSection(SolutionConfigurationPlatforms) = preSolution
		Debug|Any CPU = Debug|Any CPU
		Release|Any CPU = Release|Any CPU
	EndGlobalSection
	GlobalSection(ProjectConfigurationPlatforms) = postSolution
		{13875771-DA2D-4A7A-BC4F-D544846DE288}.Debug|Any CPU.ActiveCfg = Debug|Any CPU
		{13875771-DA2D-4A7A-BC4F-D544846DE288}.Debug|Any CPU.Build.0 = Debug|Any CPU
		{13875771-DA2D-4A7A-BC4F-D544846DE288}.Release|Any CPU.ActiveCfg = Release|Any CPU
		{13875771-DA2D-4A7A-BC4F-D544846DE288}.Release|Any CPU.Build.0 = Release|Any CPU
		{63068AE3-B635-46A4-8CAA-B8AA6B4BE303}.Debug|Any CPU.ActiveCfg = Debug|Any CPU
		{63068AE3-B635-46A4-8CAA-B8AA6B4BE303}.Debug|Any CPU.Build.0 = Debug|Any CPU
		{63068AE3-B635-46A4-8CAA-B8AA6B4BE303}.Release|Any CPU.ActiveCfg = Release|Any CPU
		{63068AE3-B635-46A4-8CAA-B8AA6B4BE303}.Release|Any CPU.Build.0 = Release|Any CPU
	EndGlobalSection
	GlobalSection(SolutionProperties) = preSolution
		HideSolutionNode = FALSE
	EndGlobalSection
	GlobalSection(ExtensibilityGlobals) = postSolution
		SolutionGuid = {C921035D-4027-4B7D-ADB1-01DA8C7F92B1}
	EndGlobalSection
EndGlobal
