
Microsoft Visual Studio Solution File, Format Version 12.00
# Visual Studio 15
VisualStudioVersion = 15.0.28307.489
MinimumVisualStudioVersion = 10.0.40219.1
Project("{FAE04EC0-301F-11D3-BF4B-00C04F79EFBC}") = "Books", "ConsoleApp2\Books.csproj", "{434BDCFC-188C-4DE6-BF80-876C602AF4FB}"
EndProject
Global
	GlobalSection(SolutionConfigurationPlatforms) = preSolution
		Debug|Any CPU = Debug|Any CPU
		Release|Any CPU = Release|Any CPU
	EndGlobalSection
	GlobalSection(ProjectConfigurationPlatforms) = postSolution
		{434BDCFC-188C-4DE6-BF80-876C602AF4FB}.Debug|Any CPU.ActiveCfg = Debug|Any CPU
		{434BDCFC-188C-4DE6-BF80-876C602AF4FB}.Debug|Any CPU.Build.0 = Debug|Any CPU
		{434BDCFC-188C-4DE6-BF80-876C602AF4FB}.Release|Any CPU.ActiveCfg = Release|Any CPU
		{434BDCFC-188C-4DE6-BF80-876C602AF4FB}.Release|Any CPU.Build.0 = Release|Any CPU
	EndGlobalSection
	GlobalSection(SolutionProperties) = preSolution
		HideSolutionNode = FALSE
	EndGlobalSection
	GlobalSection(ExtensibilityGlobals) = postSolution
		SolutionGuid = {B19B7701-AC52-48E8-8472-CE4B0DE7FA08}
	EndGlobalSection
EndGlobal
