
Microsoft Visual Studio Solution File, Format Version 12.00
# Visual Studio Version 16
VisualStudioVersion = 16.0.29102.190
MinimumVisualStudioVersion = 10.0.40219.1
Project("{FAE04EC0-301F-11D3-BF4B-00C04F79EFBC}") = "ToDo", "ToDo\ToDo.csproj", "{76CE9BF2-BD97-4221-ABC9-4955A92BAC1D}"
EndProject
Global
	GlobalSection(SolutionConfigurationPlatforms) = preSolution
		Debug|Any CPU = Debug|Any CPU
		Release|Any CPU = Release|Any CPU
	EndGlobalSection
	GlobalSection(ProjectConfigurationPlatforms) = postSolution
		{76CE9BF2-BD97-4221-ABC9-4955A92BAC1D}.Debug|Any CPU.ActiveCfg = Debug|Any CPU
		{76CE9BF2-BD97-4221-ABC9-4955A92BAC1D}.Debug|Any CPU.Build.0 = Debug|Any CPU
		{76CE9BF2-BD97-4221-ABC9-4955A92BAC1D}.Release|Any CPU.ActiveCfg = Release|Any CPU
		{76CE9BF2-BD97-4221-ABC9-4955A92BAC1D}.Release|Any CPU.Build.0 = Release|Any CPU
	EndGlobalSection
	GlobalSection(SolutionProperties) = preSolution
		HideSolutionNode = FALSE
	EndGlobalSection
	GlobalSection(ExtensibilityGlobals) = postSolution
		SolutionGuid = {B15B9264-7DCA-48DE-9E57-F8FE3A8D893A}
	EndGlobalSection
EndGlobal
