
Microsoft Visual Studio Solution File, Format Version 12.00
# Visual Studio Version 16
VisualStudioVersion = 16.0.29020.237
MinimumVisualStudioVersion = 10.0.40219.1
Project("{FAE04EC0-301F-11D3-BF4B-00C04F79EFBC}") = "ExampleTask2", "ExampleTask2\ExampleTask2.csproj", "{C2D34B68-A997-4FEE-B322-62C95B6953F9}"
EndProject
Project("{FAE04EC0-301F-11D3-BF4B-00C04F79EFBC}") = "ExampleTask1", "ExampleTask1\ExampleTask1.csproj", "{B09F3723-F46F-470A-B45F-32B7B15D09A5}"
EndProject
Global
	GlobalSection(SolutionConfigurationPlatforms) = preSolution
		Debug|Any CPU = Debug|Any CPU
		Release|Any CPU = Release|Any CPU
	EndGlobalSection
	GlobalSection(ProjectConfigurationPlatforms) = postSolution
		{C2D34B68-A997-4FEE-B322-62C95B6953F9}.Debug|Any CPU.ActiveCfg = Debug|Any CPU
		{C2D34B68-A997-4FEE-B322-62C95B6953F9}.Debug|Any CPU.Build.0 = Debug|Any CPU
		{C2D34B68-A997-4FEE-B322-62C95B6953F9}.Release|Any CPU.ActiveCfg = Release|Any CPU
		{C2D34B68-A997-4FEE-B322-62C95B6953F9}.Release|Any CPU.Build.0 = Release|Any CPU
		{B09F3723-F46F-470A-B45F-32B7B15D09A5}.Debug|Any CPU.ActiveCfg = Debug|Any CPU
		{B09F3723-F46F-470A-B45F-32B7B15D09A5}.Debug|Any CPU.Build.0 = Debug|Any CPU
		{B09F3723-F46F-470A-B45F-32B7B15D09A5}.Release|Any CPU.ActiveCfg = Release|Any CPU
		{B09F3723-F46F-470A-B45F-32B7B15D09A5}.Release|Any CPU.Build.0 = Release|Any CPU
	EndGlobalSection
	GlobalSection(SolutionProperties) = preSolution
		HideSolutionNode = FALSE
	EndGlobalSection
	GlobalSection(ExtensibilityGlobals) = postSolution
		SolutionGuid = {A23B117B-3E1E-4364-9311-CD2EEAEDF803}
	EndGlobalSection
EndGlobal
