
Microsoft Visual Studio Solution File, Format Version 12.00
# Visual Studio Version 16
VisualStudioVersion = 16.0.29020.237
MinimumVisualStudioVersion = 10.0.40219.1
Project("{FAE04EC0-301F-11D3-BF4B-00C04F79EFBC}") = "Test", "Test\Test.csproj", "{54E16FFE-1576-4242-BF1A-ECF596B907CE}"
EndProject
Global
	GlobalSection(SolutionConfigurationPlatforms) = preSolution
		Debug|Any CPU = Debug|Any CPU
		Release|Any CPU = Release|Any CPU
	EndGlobalSection
	GlobalSection(ProjectConfigurationPlatforms) = postSolution
		{54E16FFE-1576-4242-BF1A-ECF596B907CE}.Debug|Any CPU.ActiveCfg = Debug|Any CPU
		{54E16FFE-1576-4242-BF1A-ECF596B907CE}.Debug|Any CPU.Build.0 = Debug|Any CPU
		{54E16FFE-1576-4242-BF1A-ECF596B907CE}.Release|Any CPU.ActiveCfg = Release|Any CPU
		{54E16FFE-1576-4242-BF1A-ECF596B907CE}.Release|Any CPU.Build.0 = Release|Any CPU
	EndGlobalSection
	GlobalSection(SolutionProperties) = preSolution
		HideSolutionNode = FALSE
	EndGlobalSection
	GlobalSection(ExtensibilityGlobals) = postSolution
		SolutionGuid = {86ED99FA-CFD9-46D9-B572-0D0DD2295938}
	EndGlobalSection
EndGlobal
