
Microsoft Visual Studio Solution File, Format Version 12.00
# Visual Studio Version 16
VisualStudioVersion = 16.0.29102.190
MinimumVisualStudioVersion = 10.0.40219.1
Project("{FAE04EC0-301F-11D3-BF4B-00C04F79EFBC}") = "Task1", "Task1\Task1.csproj", "{B59DED2F-998C-4E8C-A8C1-C9111F0079DA}"
EndProject
Global
	GlobalSection(SolutionConfigurationPlatforms) = preSolution
		Debug|Any CPU = Debug|Any CPU
		Release|Any CPU = Release|Any CPU
	EndGlobalSection
	GlobalSection(ProjectConfigurationPlatforms) = postSolution
		{B59DED2F-998C-4E8C-A8C1-C9111F0079DA}.Debug|Any CPU.ActiveCfg = Debug|Any CPU
		{B59DED2F-998C-4E8C-A8C1-C9111F0079DA}.Debug|Any CPU.Build.0 = Debug|Any CPU
		{B59DED2F-998C-4E8C-A8C1-C9111F0079DA}.Release|Any CPU.ActiveCfg = Release|Any CPU
		{B59DED2F-998C-4E8C-A8C1-C9111F0079DA}.Release|Any CPU.Build.0 = Release|Any CPU
	EndGlobalSection
	GlobalSection(SolutionProperties) = preSolution
		HideSolutionNode = FALSE
	EndGlobalSection
	GlobalSection(ExtensibilityGlobals) = postSolution
		SolutionGuid = {913B8392-ECC3-4A9C-B333-DA55C5A1DEE7}
	EndGlobalSection
EndGlobal
