
Microsoft Visual Studio Solution File, Format Version 12.00
# Visual Studio 15
VisualStudioVersion = 15.0.28307.645
MinimumVisualStudioVersion = 10.0.40219.1
Project("{FAE04EC0-301F-11D3-BF4B-00C04F79EFBC}") = "Task_1", "Task_1\Task_1.csproj", "{9FF4BBBC-6F2F-49F7-8D49-9C41F976DE90}"
EndProject
Project("{FAE04EC0-301F-11D3-BF4B-00C04F79EFBC}") = "Task_2", "Task_2\Task_2.csproj", "{C8F9503E-631F-4A6A-AB9E-87969542758A}"
EndProject
Global
	GlobalSection(SolutionConfigurationPlatforms) = preSolution
		Debug|Any CPU = Debug|Any CPU
		Release|Any CPU = Release|Any CPU
	EndGlobalSection
	GlobalSection(ProjectConfigurationPlatforms) = postSolution
		{9FF4BBBC-6F2F-49F7-8D49-9C41F976DE90}.Debug|Any CPU.ActiveCfg = Debug|Any CPU
		{9FF4BBBC-6F2F-49F7-8D49-9C41F976DE90}.Debug|Any CPU.Build.0 = Debug|Any CPU
		{9FF4BBBC-6F2F-49F7-8D49-9C41F976DE90}.Release|Any CPU.ActiveCfg = Release|Any CPU
		{9FF4BBBC-6F2F-49F7-8D49-9C41F976DE90}.Release|Any CPU.Build.0 = Release|Any CPU
		{C8F9503E-631F-4A6A-AB9E-87969542758A}.Debug|Any CPU.ActiveCfg = Debug|Any CPU
		{C8F9503E-631F-4A6A-AB9E-87969542758A}.Debug|Any CPU.Build.0 = Debug|Any CPU
		{C8F9503E-631F-4A6A-AB9E-87969542758A}.Release|Any CPU.ActiveCfg = Release|Any CPU
		{C8F9503E-631F-4A6A-AB9E-87969542758A}.Release|Any CPU.Build.0 = Release|Any CPU
	EndGlobalSection
	GlobalSection(SolutionProperties) = preSolution
		HideSolutionNode = FALSE
	EndGlobalSection
	GlobalSection(ExtensibilityGlobals) = postSolution
		SolutionGuid = {0889D713-0423-466F-B0B7-715E9F07709D}
	EndGlobalSection
EndGlobal
