
Microsoft Visual Studio Solution File, Format Version 12.00
# Visual Studio Version 16
VisualStudioVersion = 16.0.29102.190
MinimumVisualStudioVersion = 10.0.40219.1
Project("{FAE04EC0-301F-11D3-BF4B-00C04F79EFBC}") = "Events", "Events\Events.csproj", "{D993B768-940E-4F4A-B261-08D022514AA9}"
EndProject
Global
	GlobalSection(SolutionConfigurationPlatforms) = preSolution
		Debug|Any CPU = Debug|Any CPU
		Release|Any CPU = Release|Any CPU
	EndGlobalSection
	GlobalSection(ProjectConfigurationPlatforms) = postSolution
		{D993B768-940E-4F4A-B261-08D022514AA9}.Debug|Any CPU.ActiveCfg = Debug|Any CPU
		{D993B768-940E-4F4A-B261-08D022514AA9}.Debug|Any CPU.Build.0 = Debug|Any CPU
		{D993B768-940E-4F4A-B261-08D022514AA9}.Release|Any CPU.ActiveCfg = Release|Any CPU
		{D993B768-940E-4F4A-B261-08D022514AA9}.Release|Any CPU.Build.0 = Release|Any CPU
	EndGlobalSection
	GlobalSection(SolutionProperties) = preSolution
		HideSolutionNode = FALSE
	EndGlobalSection
	GlobalSection(ExtensibilityGlobals) = postSolution
		SolutionGuid = {3EABAC73-AE8A-4EA3-AF37-99D9F3FC8042}
	EndGlobalSection
EndGlobal
