
Microsoft Visual Studio Solution File, Format Version 12.00
# Visual Studio Version 16
VisualStudioVersion = 16.0.29020.237
MinimumVisualStudioVersion = 10.0.40219.1
Project("{FAE04EC0-301F-11D3-BF4B-00C04F79EFBC}") = "SampleTaskLib", "SampleTaskLib\SampleTaskLib.csproj", "{68A19801-EA4C-436A-B794-019955BAC131}"
EndProject
Project("{FAE04EC0-301F-11D3-BF4B-00C04F79EFBC}") = "Sample_Task_02", "Sample_Task_02\Sample_Task_02.csproj", "{D960F6D1-0B97-4395-AFCE-0BE4615530C2}"
EndProject
Project("{FAE04EC0-301F-11D3-BF4B-00C04F79EFBC}") = "Sample_Task_01", "Sample_Task_01\Sample_Task_01.csproj", "{A70A1053-2951-4F70-8A28-19F4FB802B5D}"
EndProject
Global
	GlobalSection(SolutionConfigurationPlatforms) = preSolution
		Debug|Any CPU = Debug|Any CPU
		Release|Any CPU = Release|Any CPU
	EndGlobalSection
	GlobalSection(ProjectConfigurationPlatforms) = postSolution
		{68A19801-EA4C-436A-B794-019955BAC131}.Debug|Any CPU.ActiveCfg = Debug|Any CPU
		{68A19801-EA4C-436A-B794-019955BAC131}.Debug|Any CPU.Build.0 = Debug|Any CPU
		{68A19801-EA4C-436A-B794-019955BAC131}.Release|Any CPU.ActiveCfg = Release|Any CPU
		{68A19801-EA4C-436A-B794-019955BAC131}.Release|Any CPU.Build.0 = Release|Any CPU
		{D960F6D1-0B97-4395-AFCE-0BE4615530C2}.Debug|Any CPU.ActiveCfg = Debug|Any CPU
		{D960F6D1-0B97-4395-AFCE-0BE4615530C2}.Debug|Any CPU.Build.0 = Debug|Any CPU
		{D960F6D1-0B97-4395-AFCE-0BE4615530C2}.Release|Any CPU.ActiveCfg = Release|Any CPU
		{D960F6D1-0B97-4395-AFCE-0BE4615530C2}.Release|Any CPU.Build.0 = Release|Any CPU
		{A70A1053-2951-4F70-8A28-19F4FB802B5D}.Debug|Any CPU.ActiveCfg = Debug|Any CPU
		{A70A1053-2951-4F70-8A28-19F4FB802B5D}.Debug|Any CPU.Build.0 = Debug|Any CPU
		{A70A1053-2951-4F70-8A28-19F4FB802B5D}.Release|Any CPU.ActiveCfg = Release|Any CPU
		{A70A1053-2951-4F70-8A28-19F4FB802B5D}.Release|Any CPU.Build.0 = Release|Any CPU
	EndGlobalSection
	GlobalSection(SolutionProperties) = preSolution
		HideSolutionNode = FALSE
	EndGlobalSection
	GlobalSection(ExtensibilityGlobals) = postSolution
		SolutionGuid = {95451080-1030-49CC-868E-12A95CBECDAA}
	EndGlobalSection
EndGlobal
