
Microsoft Visual Studio Solution File, Format Version 12.00
# Visual Studio 15
VisualStudioVersion = 15.0.28307.645
MinimumVisualStudioVersion = 10.0.40219.1
Project("{FAE04EC0-301F-11D3-BF4B-00C04F79EFBC}") = "Task_1", "Task_1\Task_1.csproj", "{E273E50B-563C-46B3-82DD-14311C99253E}"
EndProject
Project("{FAE04EC0-301F-11D3-BF4B-00C04F79EFBC}") = "Task_2", "Task_2\Task_2.csproj", "{711F673E-6374-4A39-A19C-0F99EFD51DD8}"
EndProject
Global
	GlobalSection(SolutionConfigurationPlatforms) = preSolution
		Debug|Any CPU = Debug|Any CPU
		Release|Any CPU = Release|Any CPU
	EndGlobalSection
	GlobalSection(ProjectConfigurationPlatforms) = postSolution
		{E273E50B-563C-46B3-82DD-14311C99253E}.Debug|Any CPU.ActiveCfg = Debug|Any CPU
		{E273E50B-563C-46B3-82DD-14311C99253E}.Debug|Any CPU.Build.0 = Debug|Any CPU
		{E273E50B-563C-46B3-82DD-14311C99253E}.Release|Any CPU.ActiveCfg = Release|Any CPU
		{E273E50B-563C-46B3-82DD-14311C99253E}.Release|Any CPU.Build.0 = Release|Any CPU
		{711F673E-6374-4A39-A19C-0F99EFD51DD8}.Debug|Any CPU.ActiveCfg = Debug|Any CPU
		{711F673E-6374-4A39-A19C-0F99EFD51DD8}.Debug|Any CPU.Build.0 = Debug|Any CPU
		{711F673E-6374-4A39-A19C-0F99EFD51DD8}.Release|Any CPU.ActiveCfg = Release|Any CPU
		{711F673E-6374-4A39-A19C-0F99EFD51DD8}.Release|Any CPU.Build.0 = Release|Any CPU
	EndGlobalSection
	GlobalSection(SolutionProperties) = preSolution
		HideSolutionNode = FALSE
	EndGlobalSection
	GlobalSection(ExtensibilityGlobals) = postSolution
		SolutionGuid = {47922E74-07E9-4994-8582-8634B5266C1D}
	EndGlobalSection
EndGlobal
