
Microsoft Visual Studio Solution File, Format Version 12.00
# Visual Studio 15
VisualStudioVersion = 15.0.28307.645
MinimumVisualStudioVersion = 10.0.40219.1
Project("{FAE04EC0-301F-11D3-BF4B-00C04F79EFBC}") = "Task_1", "Task_1\Task_1.csproj", "{EAEF0533-8015-4524-A46C-855F3E1DE159}"
EndProject
Project("{FAE04EC0-301F-11D3-BF4B-00C04F79EFBC}") = "Task_2", "Task_2\Task_2.csproj", "{A99772B4-D71D-4886-B474-1DB85096A6B9}"
EndProject
Global
	GlobalSection(SolutionConfigurationPlatforms) = preSolution
		Debug|Any CPU = Debug|Any CPU
		Release|Any CPU = Release|Any CPU
	EndGlobalSection
	GlobalSection(ProjectConfigurationPlatforms) = postSolution
		{EAEF0533-8015-4524-A46C-855F3E1DE159}.Debug|Any CPU.ActiveCfg = Debug|Any CPU
		{EAEF0533-8015-4524-A46C-855F3E1DE159}.Debug|Any CPU.Build.0 = Debug|Any CPU
		{EAEF0533-8015-4524-A46C-855F3E1DE159}.Release|Any CPU.ActiveCfg = Release|Any CPU
		{EAEF0533-8015-4524-A46C-855F3E1DE159}.Release|Any CPU.Build.0 = Release|Any CPU
		{A99772B4-D71D-4886-B474-1DB85096A6B9}.Debug|Any CPU.ActiveCfg = Debug|Any CPU
		{A99772B4-D71D-4886-B474-1DB85096A6B9}.Debug|Any CPU.Build.0 = Debug|Any CPU
		{A99772B4-D71D-4886-B474-1DB85096A6B9}.Release|Any CPU.ActiveCfg = Release|Any CPU
		{A99772B4-D71D-4886-B474-1DB85096A6B9}.Release|Any CPU.Build.0 = Release|Any CPU
	EndGlobalSection
	GlobalSection(SolutionProperties) = preSolution
		HideSolutionNode = FALSE
	EndGlobalSection
	GlobalSection(ExtensibilityGlobals) = postSolution
		SolutionGuid = {746C8A7B-5132-402D-8CBD-DDA5E5178FF5}
	EndGlobalSection
EndGlobal
